
Microsoft Visual Studio Solution File, Format Version 12.00
# Visual Studio 15
VisualStudioVersion = 15.0.27004.2010
MinimumVisualStudioVersion = 10.0.40219.1
Project("{FAE04EC0-301F-11D3-BF4B-00C04F79EFBC}") = "IngosTech7.0", "IngosTech7.0\IngosTech7.0.csproj", "{C217F1EF-EA50-452B-A657-E72713022F26}"
EndProject
Global
	GlobalSection(SolutionConfigurationPlatforms) = preSolution
		Debug|Any CPU = Debug|Any CPU
		Release|Any CPU = Release|Any CPU
	EndGlobalSection
	GlobalSection(ProjectConfigurationPlatforms) = postSolution
		{C217F1EF-EA50-452B-A657-E72713022F26}.Debug|Any CPU.ActiveCfg = Debug|Any CPU
		{C217F1EF-EA50-452B-A657-E72713022F26}.Debug|Any CPU.Build.0 = Debug|Any CPU
		{C217F1EF-EA50-452B-A657-E72713022F26}.Release|Any CPU.ActiveCfg = Release|Any CPU
		{C217F1EF-EA50-452B-A657-E72713022F26}.Release|Any CPU.Build.0 = Release|Any CPU
	EndGlobalSection
	GlobalSection(SolutionProperties) = preSolution
		HideSolutionNode = FALSE
	EndGlobalSection
	GlobalSection(ExtensibilityGlobals) = postSolution
		SolutionGuid = {315164C7-48DB-46DD-9F45-82F6430D817F}
	EndGlobalSection
EndGlobal
